
Microsoft Visual Studio Solution File, Format Version 12.00
# Visual Studio 15
VisualStudioVersion = 15.0.27130.2026
MinimumVisualStudioVersion = 10.0.40219.1
Project("{9A19103F-16F7-4668-BE54-9A1E7A4F7556}") = "wtujvk.LearningMeCSharp.ToolStandard", "wtujvk.LearningMeCSharp.ToolStandard\wtujvk.LearningMeCSharp.ToolStandard.csproj", "{8E3A4EBD-3E8F-4FD6-97A8-D6438D85C10C}"
EndProject
Project("{2150E333-8FDC-42A3-9474-1A3956D46DE8}") = "Test", "Test", "{0BDD90E0-4620-4437-8896-6E467C2E5347}"
EndProject
Project("{9A19103F-16F7-4668-BE54-9A1E7A4F7556}") = "wtujvk.LearningMeCSharp.CoreMvc", "wtujvk.LearningMeCSharp.CoreMvc\wtujvk.LearningMeCSharp.CoreMvc.csproj", "{A577A37B-34E3-4A50-8D31-9E20FB50E8C1}"
EndProject
Project("{2150E333-8FDC-42A3-9474-1A3956D46DE8}") = "01Utils", "01Utils", "{5F97161C-E84B-4DB7-B8FA-209F994EC19A}"
EndProject
Project("{2150E333-8FDC-42A3-9474-1A3956D46DE8}") = "03Interfaces", "03Interfaces", "{E28A305D-43DF-433C-B1CD-46C101E7D518}"
EndProject
Project("{9A19103F-16F7-4668-BE54-9A1E7A4F7556}") = "wtujvk.LearningMeCSharp.Entities", "wtujvk.LearningMeCSharp.Entities\wtujvk.LearningMeCSharp.Entities.csproj", "{EA044B14-A2FC-436C-BA21-3A1CABB5779F}"
EndProject
Project("{2150E333-8FDC-42A3-9474-1A3956D46DE8}") = "02Entity", "02Entity", "{9F3A90C1-C622-40CE-A55C-EB8A65D42575}"
EndProject
Project("{2150E333-8FDC-42A3-9474-1A3956D46DE8}") = "04EF", "04EF", "{17C169F7-2D34-4566-951A-3065C8027591}"
EndProject
Project("{2150E333-8FDC-42A3-9474-1A3956D46DE8}") = "05Repository", "05Repository", "{E072953F-A090-49D6-8102-05B2B47BAFD2}"
EndProject
Project("{9A19103F-16F7-4668-BE54-9A1E7A4F7556}") = "wtujvk.LearningMeCSharp.MysqlEFCore", "wtujvk.LearningMeCSharp.MysqlEFCore\wtujvk.LearningMeCSharp.MysqlEFCore.csproj", "{3B967786-6B29-4C66-B37A-D50735B2203B}"
EndProject
Project("{FAE04EC0-301F-11D3-BF4B-00C04F79EFBC}") = "MysqlEF6Codefirst", "MysqlEF6Codefirst\MysqlEF6Codefirst.csproj", "{06E26168-98EE-48BF-97A2-50B9C3DA5475}"
EndProject
Project("{2150E333-8FDC-42A3-9474-1A3956D46DE8}") = "06web", "06web", "{FA45EAF3-FC79-4F49-8B61-045E48B3365A}"
EndProject
Project("{FAE04EC0-301F-11D3-BF4B-00C04F79EFBC}") = "NugetServer.Demo", "NugetServer.Demo\NugetServer.Demo.csproj", "{84E5FA5A-FD6C-48CA-A1B9-236C1DFEA2A3}"
EndProject
Project("{2150E333-8FDC-42A3-9474-1A3956D46DE8}") = "nuget", "nuget", "{B2602955-5B1B-4AA9-A901-479B56B255F5}"
EndProject
Project("{FAE04EC0-301F-11D3-BF4B-00C04F79EFBC}") = "MyTest", "MyTest\MyTest.csproj", "{638E78DF-F78C-447B-B5DF-3C77C0600434}"
EndProject
Project("{9A19103F-16F7-4668-BE54-9A1E7A4F7556}") = "wtujvk.LearningMeCSharp.Repository", "..\wtujvk.LearningMeCSharp.Repository\wtujvk.LearningMeCSharp.Repository.csproj", "{E1719A6C-53A6-46A5-9041-A1742EFD29CF}"
EndProject
Project("{9A19103F-16F7-4668-BE54-9A1E7A4F7556}") = "wtujvk.LearningMeCSharp.IRepository", "wtujvk.LearningMeCSharp.IRepository\wtujvk.LearningMeCSharp.IRepository.csproj", "{7392EDC6-DAA6-4A48-9D29-E7AC16E9E304}"
EndProject
Project("{9A19103F-16F7-4668-BE54-9A1E7A4F7556}") = "wtujvk.LearningMeCSharp.CoreMvcExtension", "wtujvk.LearningMeCSharp.CoreMvcExtension\wtujvk.LearningMeCSharp.CoreMvcExtension.csproj", "{501FEAE6-7761-4E34-B81D-DBA2CB98E606}"
EndProject
Project("{FAE04EC0-301F-11D3-BF4B-00C04F79EFBC}") = "NugetServer4.Demo", "NugetServer4.Demo\NugetServer4.Demo.csproj", "{24FF0ACA-A7D6-4D58-807A-B8ABD20AA670}"
EndProject
Global
	GlobalSection(SolutionConfigurationPlatforms) = preSolution
		Debug|Any CPU = Debug|Any CPU
		Release|Any CPU = Release|Any CPU
	EndGlobalSection
	GlobalSection(ProjectConfigurationPlatforms) = postSolution
		{8E3A4EBD-3E8F-4FD6-97A8-D6438D85C10C}.Debug|Any CPU.ActiveCfg = Debug|Any CPU
		{8E3A4EBD-3E8F-4FD6-97A8-D6438D85C10C}.Debug|Any CPU.Build.0 = Debug|Any CPU
		{8E3A4EBD-3E8F-4FD6-97A8-D6438D85C10C}.Release|Any CPU.ActiveCfg = Release|Any CPU
		{8E3A4EBD-3E8F-4FD6-97A8-D6438D85C10C}.Release|Any CPU.Build.0 = Release|Any CPU
		{A577A37B-34E3-4A50-8D31-9E20FB50E8C1}.Debug|Any CPU.ActiveCfg = Debug|Any CPU
		{A577A37B-34E3-4A50-8D31-9E20FB50E8C1}.Debug|Any CPU.Build.0 = Debug|Any CPU
		{A577A37B-34E3-4A50-8D31-9E20FB50E8C1}.Release|Any CPU.ActiveCfg = Release|Any CPU
		{A577A37B-34E3-4A50-8D31-9E20FB50E8C1}.Release|Any CPU.Build.0 = Release|Any CPU
		{EA044B14-A2FC-436C-BA21-3A1CABB5779F}.Debug|Any CPU.ActiveCfg = Debug|Any CPU
		{EA044B14-A2FC-436C-BA21-3A1CABB5779F}.Debug|Any CPU.Build.0 = Debug|Any CPU
		{EA044B14-A2FC-436C-BA21-3A1CABB5779F}.Release|Any CPU.ActiveCfg = Release|Any CPU
		{EA044B14-A2FC-436C-BA21-3A1CABB5779F}.Release|Any CPU.Build.0 = Release|Any CPU
		{3B967786-6B29-4C66-B37A-D50735B2203B}.Debug|Any CPU.ActiveCfg = Debug|Any CPU
		{3B967786-6B29-4C66-B37A-D50735B2203B}.Debug|Any CPU.Build.0 = Debug|Any CPU
		{3B967786-6B29-4C66-B37A-D50735B2203B}.Release|Any CPU.ActiveCfg = Release|Any CPU
		{3B967786-6B29-4C66-B37A-D50735B2203B}.Release|Any CPU.Build.0 = Release|Any CPU
		{06E26168-98EE-48BF-97A2-50B9C3DA5475}.Debug|Any CPU.ActiveCfg = Debug|Any CPU
		{06E26168-98EE-48BF-97A2-50B9C3DA5475}.Debug|Any CPU.Build.0 = Debug|Any CPU
		{06E26168-98EE-48BF-97A2-50B9C3DA5475}.Release|Any CPU.ActiveCfg = Release|Any CPU
		{06E26168-98EE-48BF-97A2-50B9C3DA5475}.Release|Any CPU.Build.0 = Release|Any CPU
		{84E5FA5A-FD6C-48CA-A1B9-236C1DFEA2A3}.Debug|Any CPU.ActiveCfg = Debug|Any CPU
		{84E5FA5A-FD6C-48CA-A1B9-236C1DFEA2A3}.Debug|Any CPU.Build.0 = Debug|Any CPU
		{84E5FA5A-FD6C-48CA-A1B9-236C1DFEA2A3}.Release|Any CPU.ActiveCfg = Release|Any CPU
		{84E5FA5A-FD6C-48CA-A1B9-236C1DFEA2A3}.Release|Any CPU.Build.0 = Release|Any CPU
		{638E78DF-F78C-447B-B5DF-3C77C0600434}.Debug|Any CPU.ActiveCfg = Debug|Any CPU
		{638E78DF-F78C-447B-B5DF-3C77C0600434}.Debug|Any CPU.Build.0 = Debug|Any CPU
		{638E78DF-F78C-447B-B5DF-3C77C0600434}.Release|Any CPU.ActiveCfg = Release|Any CPU
		{638E78DF-F78C-447B-B5DF-3C77C0600434}.Release|Any CPU.Build.0 = Release|Any CPU
		{E1719A6C-53A6-46A5-9041-A1742EFD29CF}.Debug|Any CPU.ActiveCfg = Debug|Any CPU
		{E1719A6C-53A6-46A5-9041-A1742EFD29CF}.Debug|Any CPU.Build.0 = Debug|Any CPU
		{E1719A6C-53A6-46A5-9041-A1742EFD29CF}.Release|Any CPU.ActiveCfg = Release|Any CPU
		{E1719A6C-53A6-46A5-9041-A1742EFD29CF}.Release|Any CPU.Build.0 = Release|Any CPU
		{7392EDC6-DAA6-4A48-9D29-E7AC16E9E304}.Debug|Any CPU.ActiveCfg = Debug|Any CPU
		{7392EDC6-DAA6-4A48-9D29-E7AC16E9E304}.Debug|Any CPU.Build.0 = Debug|Any CPU
		{7392EDC6-DAA6-4A48-9D29-E7AC16E9E304}.Release|Any CPU.ActiveCfg = Release|Any CPU
		{7392EDC6-DAA6-4A48-9D29-E7AC16E9E304}.Release|Any CPU.Build.0 = Release|Any CPU
		{501FEAE6-7761-4E34-B81D-DBA2CB98E606}.Debug|Any CPU.ActiveCfg = Debug|Any CPU
		{501FEAE6-7761-4E34-B81D-DBA2CB98E606}.Debug|Any CPU.Build.0 = Debug|Any CPU
		{501FEAE6-7761-4E34-B81D-DBA2CB98E606}.Release|Any CPU.ActiveCfg = Release|Any CPU
		{501FEAE6-7761-4E34-B81D-DBA2CB98E606}.Release|Any CPU.Build.0 = Release|Any CPU
		{24FF0ACA-A7D6-4D58-807A-B8ABD20AA670}.Debug|Any CPU.ActiveCfg = Debug|Any CPU
		{24FF0ACA-A7D6-4D58-807A-B8ABD20AA670}.Debug|Any CPU.Build.0 = Debug|Any CPU
		{24FF0ACA-A7D6-4D58-807A-B8ABD20AA670}.Release|Any CPU.ActiveCfg = Release|Any CPU
		{24FF0ACA-A7D6-4D58-807A-B8ABD20AA670}.Release|Any CPU.Build.0 = Release|Any CPU
	EndGlobalSection
	GlobalSection(SolutionProperties) = preSolution
		HideSolutionNode = FALSE
	EndGlobalSection
	GlobalSection(NestedProjects) = preSolution
		{8E3A4EBD-3E8F-4FD6-97A8-D6438D85C10C} = {5F97161C-E84B-4DB7-B8FA-209F994EC19A}
		{A577A37B-34E3-4A50-8D31-9E20FB50E8C1} = {FA45EAF3-FC79-4F49-8B61-045E48B3365A}
		{EA044B14-A2FC-436C-BA21-3A1CABB5779F} = {9F3A90C1-C622-40CE-A55C-EB8A65D42575}
		{3B967786-6B29-4C66-B37A-D50735B2203B} = {17C169F7-2D34-4566-951A-3065C8027591}
		{06E26168-98EE-48BF-97A2-50B9C3DA5475} = {17C169F7-2D34-4566-951A-3065C8027591}
		{84E5FA5A-FD6C-48CA-A1B9-236C1DFEA2A3} = {B2602955-5B1B-4AA9-A901-479B56B255F5}
		{B2602955-5B1B-4AA9-A901-479B56B255F5} = {FA45EAF3-FC79-4F49-8B61-045E48B3365A}
		{638E78DF-F78C-447B-B5DF-3C77C0600434} = {0BDD90E0-4620-4437-8896-6E467C2E5347}
		{E1719A6C-53A6-46A5-9041-A1742EFD29CF} = {E072953F-A090-49D6-8102-05B2B47BAFD2}
		{7392EDC6-DAA6-4A48-9D29-E7AC16E9E304} = {E072953F-A090-49D6-8102-05B2B47BAFD2}
		{501FEAE6-7761-4E34-B81D-DBA2CB98E606} = {FA45EAF3-FC79-4F49-8B61-045E48B3365A}
		{24FF0ACA-A7D6-4D58-807A-B8ABD20AA670} = {B2602955-5B1B-4AA9-A901-479B56B255F5}
	EndGlobalSection
	GlobalSection(ExtensibilityGlobals) = postSolution
		SolutionGuid = {E6001000-4194-42ED-AEFC-86510FBE1751}
	EndGlobalSection
EndGlobal
